Microsoft Visual Studio Solution File, Format Version 12.00
# Visual Studio Version 17
VisualStudioVersion = 17.5.2.0
MinimumVisualStudioVersion = 10.0.40219.1
Project("{FAE04EC0-301F-11D3-BF4B-00C04F79EFBC}") = "Odev02_Temperature", "Odev02_Temperature.csproj", "{D9AD5511-CCC7-AA18-BAF4-F66BF47D3B4E}"
EndProject
Global
	GlobalSection(SolutionConfigurationPlatforms) = preSolution
		Debug|Any CPU = Debug|Any CPU
		Release|Any CPU = Release|Any CPU
	EndGlobalSection
	GlobalSection(ProjectConfigurationPlatforms) = postSolution
		{D9AD5511-CCC7-AA18-BAF4-F66BF47D3B4E}.Debug|Any CPU.ActiveCfg = Debug|Any CPU
		{D9AD5511-CCC7-AA18-BAF4-F66BF47D3B4E}.Debug|Any CPU.Build.0 = Debug|Any CPU
		{D9AD5511-CCC7-AA18-BAF4-F66BF47D3B4E}.Release|Any CPU.ActiveCfg = Release|Any CPU
		{D9AD5511-CCC7-AA18-BAF4-F66BF47D3B4E}.Release|Any CPU.Build.0 = Release|Any CPU
	EndGlobalSection
	GlobalSection(SolutionProperties) = preSolution
		HideSolutionNode = FALSE
	EndGlobalSection
	GlobalSection(ExtensibilityGlobals) = postSolution
		SolutionGuid = {94400144-099F-4BB3-AB64-70B4C94374E0}
	EndGlobalSection
EndGlobal
